
Microsoft Visual Studio Solution File, Format Version 12.00
# Visual Studio 15
VisualStudioVersion = 15.0.28307.168
MinimumVisualStudioVersion = 10.0.40219.1
Project("{9A19103F-16F7-4668-BE54-9A1E7A4F7556}") = "Task2", "Task1\Task2.csproj", "{81789903-FEBA-4864-8F95-5404DC2748D2}"
EndProject
Project("{9A19103F-16F7-4668-BE54-9A1E7A4F7556}") = "Task1", "Task2\Task1.csproj", "{A74BC646-A874-4F11-86E0-32501237031F}"
EndProject
Project("{FAE04EC0-301F-11D3-BF4B-00C04F79EFBC}") = "Task3", "Test3\Task3.csproj", "{DA8DD635-67D1-472E-8354-026C960A9B67}"
EndProject
Project("{FAE04EC0-301F-11D3-BF4B-00C04F79EFBC}") = "Task4", "Task4\Task4.csproj", "{552AC823-F5BA-4A94-A5FB-799FA2A74372}"
EndProject
Global
	GlobalSection(SolutionConfigurationPlatforms) = preSolution
		Debug|Any CPU = Debug|Any CPU
		Release|Any CPU = Release|Any CPU
	EndGlobalSection
	GlobalSection(ProjectConfigurationPlatforms) = postSolution
		{81789903-FEBA-4864-8F95-5404DC2748D2}.Debug|Any CPU.ActiveCfg = Debug|Any CPU
		{81789903-FEBA-4864-8F95-5404DC2748D2}.Debug|Any CPU.Build.0 = Debug|Any CPU
		{81789903-FEBA-4864-8F95-5404DC2748D2}.Release|Any CPU.ActiveCfg = Release|Any CPU
		{81789903-FEBA-4864-8F95-5404DC2748D2}.Release|Any CPU.Build.0 = Release|Any CPU
		{A74BC646-A874-4F11-86E0-32501237031F}.Debug|Any CPU.ActiveCfg = Debug|Any CPU
		{A74BC646-A874-4F11-86E0-32501237031F}.Debug|Any CPU.Build.0 = Debug|Any CPU
		{A74BC646-A874-4F11-86E0-32501237031F}.Release|Any CPU.ActiveCfg = Release|Any CPU
		{A74BC646-A874-4F11-86E0-32501237031F}.Release|Any CPU.Build.0 = Release|Any CPU
		{DA8DD635-67D1-472E-8354-026C960A9B67}.Debug|Any CPU.ActiveCfg = Debug|Any CPU
		{DA8DD635-67D1-472E-8354-026C960A9B67}.Debug|Any CPU.Build.0 = Debug|Any CPU
		{DA8DD635-67D1-472E-8354-026C960A9B67}.Release|Any CPU.ActiveCfg = Release|Any CPU
		{DA8DD635-67D1-472E-8354-026C960A9B67}.Release|Any CPU.Build.0 = Release|Any CPU
		{552AC823-F5BA-4A94-A5FB-799FA2A74372}.Debug|Any CPU.ActiveCfg = Debug|Any CPU
		{552AC823-F5BA-4A94-A5FB-799FA2A74372}.Debug|Any CPU.Build.0 = Debug|Any CPU
		{552AC823-F5BA-4A94-A5FB-799FA2A74372}.Release|Any CPU.ActiveCfg = Release|Any CPU
		{552AC823-F5BA-4A94-A5FB-799FA2A74372}.Release|Any CPU.Build.0 = Release|Any CPU
	EndGlobalSection
	GlobalSection(SolutionProperties) = preSolution
		HideSolutionNode = FALSE
	EndGlobalSection
	GlobalSection(ExtensibilityGlobals) = postSolution
		SolutionGuid = {E2996F55-1AF4-4878-8E5F-F7B75F5DEAD6}
	EndGlobalSection
EndGlobal
